// !$*UTF8*$!
{
	archiveVersion = 1;
	classes = {
	};
	objectVersion = 46;
	objects = {

/* Begin PBXBuildFile section */
		4155150A1BF58D5200D3F05A /* AppDelegate.swift in Sources */ = {isa = PBXBuildFile; fileRef = 415515091BF58D5200D3F05A /* AppDelegate.swift */; };
		4155150C1BF58D5200D3F05A /* ViewController.swift in Sources */ = {isa = PBXBuildFile; fileRef = 4155150B1BF58D5200D3F05A /* ViewController.swift */; };
		4155150F1BF58D5200D3F05A /* Main.storyboard in Resources */ = {isa = PBXBuildFile; fileRef = 4155150D1BF58D5200D3F05A /* Main.storyboard */; };
		415515111BF58D5200D3F05A /* Assets.xcassets in Resources */ = {isa = PBXBuildFile; fileRef = 415515101BF58D5200D3F05A /* Assets.xcassets */; };
		415515141BF58D5200D3F05A /* LaunchScreen.storyboard in Resources */ = {isa = PBXBuildFile; fileRef = 415515121BF58D5200D3F05A /* LaunchScreen.storyboard */; };
		4155151C1BF5929300D3F05A /* SecondView.swift in Sources */ = {isa = PBXBuildFile; fileRef = 4155151B1BF5929300D3F05A /* SecondView.swift */; };
/* End PBXBuildFile section */

/* Begin PBXFileReference section */
		415515061BF58D5200D3F05A /* Protocols and Delegates.app */ = {isa = PBXFileReference; explicitFileType = wrapper.application; includeInIndex = 0; path = "Protocols and Delegates.app"; sourceTree = BUILT_PRODUCTS_DIR; };
		415515091BF58D5200D3F05A /* AppDelegate.swift */ = {isa = PBXFileReference; lastKnownFileType = sourcecode.swift; path = AppDelegate.swift; sourceTree = "<group>"; };
		4155150B1BF58D5200D3F05A /* ViewController.swift */ = {isa = PBXFileReference; lastKnownFileType = sourcecode.swift; path = ViewController.swift; sourceTree = "<group>"; };
		4155150E1BF58D5200D3F05A /* Base */ = {isa = PBXFileReference; lastKnownFileType = file.storyboard; name = Base; path = Base.lproj/Main.storyboard; sourceTree = "<group>"; };
		415515101BF58D5200D3F05A /* Assets.xcassets */ = {isa = PBXFileReference; lastKnownFileType = folder.assetcatalog; path = Assets.xcassets; sourceTree = "<group>"; };
		415515131BF58D5200D3F05A /* Base */ = {isa = PBXFileReference; lastKnownFileType = file.storyboard; name = Base; path = Base.lproj/LaunchScreen.storyboard; sourceTree = "<group>"; };
		415515151BF58D5200D3F05A /* Info.plist */ = {isa = PBXFileReference; lastKnownFileType = text.plist.xml; path = Info.plist; sourceTree = "<group>"; };
		4155151B1BF5929300D3F05A /* SecondView.swift */ = {isa = PBXFileReference; fileEncoding = 4; lastKnownFileType = sourcecode.swift; path = SecondView.swift; sourceTree = "<group>"; };
/* End PBXFileReference section */

/* Begin PBXFrameworksBuildPhase section */
		415515031BF58D5200D3F05A /* Frameworks */ = {
			isa = PBXFrameworksBuildPhase;
			buildActionMask = 2147483647;
			files = (
			);
			runOnlyForDeploymentPostprocessing = 0;
		};
/* End PBXFrameworksBuildPhase section */

/* Begin PBXGroup section */
		415514FD1BF58D5200D3F05A = {
			isa = PBXGroup;
			children = (
				415515081BF58D5200D3F05A /* Protocols and Delegates */,
				415515071BF58D5200D3F05A /* Products */,
			);
			sourceTree = "<group>";
		};
		415515071BF58D5200D3F05A /* Products */ = {
			isa = PBXGroup;
			children = (
				415515061BF58D5200D3F05A /* Protocols and Delegates.app */,
			);
			name = Products;
			sourceTree = "<group>";
		};
		415515081BF58D5200D3F05A /* Protocols and Delegates */ = {
			isa = PBXGroup;
			children = (
				415515091BF58D5200D3F05A /* AppDelegate.swift */,
				4155150B1BF58D5200D3F05A /* ViewController.swift */,
				4155151B1BF5929300D3F05A /* SecondView.swift */,
				4155150D1BF58D5200D3F05A /* Main.storyboard */,
				415515101BF58D5200D3F05A /* Assets.xcassets */,
				415515121BF58D5200D3F05A /* LaunchScreen.storyboard */,
				415515151BF58D5200D3F05A /* Info.plist */,
			);
			path = "Protocols and Delegates";
			sourceTree = "<group>";
		};
/* End PBXGroup section */

/* Begin PBXNativeTarget section */
		415515051BF58D5200D3F05A /* Protocols and Delegates */ = {
			isa = PBXNativeTarget;
			buildConfigurationList = 415515181BF58D5200D3F05A /* Build configuration list for PBXNativeTarget "Protocols and Delegates" */;
			buildPhases = (
				415515021BF58D5200D3F05A /* Sources */,
				415515031BF58D5200D3F05A /* Frameworks */,
				415515041BF58D5200D3F05A /* Resources */,
			);
			buildRules = (
			);
			dependencies = (
			);
			name = "Protocols and Delegates";
			productName = "Protocols and Delegates";
			productReference = 415515061BF58D5200D3F05A /* Protocols and Delegates.app */;
			productType = "com.apple.product-type.application";
		};
/* End PBXNativeTarget section */

/* Begin PBXProject section */
		415514FE1BF58D5200D3F05A /* Project object */ = {
			isa = PBXProject;
			attributes = {
				LastSwiftUpdateCheck = 0710;
				LastUpgradeCheck = 0710;
				ORGANIZATIONNAME = "Nivardo Ibarra";
				TargetAttributes = {
					415515051BF58D5200D3F05A = {
						CreatedOnToolsVersion = 7.1.1;
						DevelopmentTeam = 3P6GBLK989;
					};
				};
			};
			buildConfigurationList = 415515011BF58D5200D3F05A /* Build configuration list for PBXProject "Protocols and Delegates" */;
			compatibilityVersion = "Xcode 3.2";
			developmentRegion = English;
			hasScannedForEncodings = 0;
			knownRegions = (
				en,
				Base,
			);
			mainGroup = 415514FD1BF58D5200D3F05A;
			productRefGroup = 415515071BF58D5200D3F05A /* Products */;
			projectDirPath = "";
			projectRoot = "";
			targets = (
				415515051BF58D5200D3F05A /* Protocols and Delegates */,
			);
		};
/* End PBXProject section */

/* Begin PBXResourcesBuildPhase section */
		415515041BF58D5200D3F05A /* Resources */ = {
			isa = PBXResourcesBuildPhase;
			buildActionMask = 2147483647;
			files = (
				415515141BF58D5200D3F05A /* LaunchScreen.storyboard in Resources */,
				415515111BF58D5200D3F05A /* Assets.xcassets in Resources */,
				4155150F1BF58D5200D3F05A /* Main.storyboard in Resources */,
			);
			runOnlyForDeploymentPostprocessing = 0;
		};
/* End PBXResourcesBuildPhase section */

/* Begin PBXSourcesBuildPhase section */
		415515021BF58D5200D3F05A /* Sources */ = {
			isa = PBXSourcesBuildPhase;
			buildActionMask = 2147483647;
			files = (
				4155151C1BF5929300D3F05A /* SecondView.swift in Sources */,
				4155150C1BF58D5200D3F05A /* ViewController.swift in Sources */,
				4155150A1BF58D5200D3F05A /* AppDelegate.swift in Sources */,
			);
			runOnlyForDeploymentPostprocessing = 0;
		};
/* End PBXSourcesBuildPhase section */

/* Begin PBXVariantGroup section */
		4155150D1BF58D5200D3F05A /* Main.storyboard */ = {
			isa = PBXVariantGroup;
			children = (
				4155150E1BF58D5200D3F05A /* Base */,
			);
			name = Main.storyboard;
			sourceTree = "<group>";
		};
		415515121BF58D5200D3F05A /* LaunchScreen.storyboard */ = {
			isa = PBXVariantGroup;
			children = (
				415515131BF58D5200D3F05A /* Base */,
			);
			name = LaunchScreen.storyboard;
			sourceTree = "<group>";
		};
/* End PBXVariantGroup section */

/* Begin XCBuildConfiguration section */
		415515161BF58D5200D3F05A /* Debug */ = {
			isa = XCBuildConfiguration;
			buildSettings = {
				ALWAYS_SEARCH_USER_PATHS = NO;
				CLANG_CXX_LANGUAGE_STANDARD = "gnu++0x";
				CLANG_CXX_LIBRARY = "libc++";
				CLANG_ENABLE_MODULES = YES;
				CLANG_ENABLE_OBJC_ARC = YES;
				CLANG_WARN_BOOL_CONVERSION = YES;
				CLANG_WARN_CONSTANT_CONVERSION = YES;
				CLANG_WARN_DIRECT_OBJC_ISA_USAGE = YES_ERROR;
				CLANG_WARN_EMPTY_BODY = YES;
				CLANG_WARN_ENUM_CONVERSION = YES;
				CLANG_WARN_INT_CONVERSION = YES;
				CLANG_WARN_OBJC_ROOT_CLASS = YES_ERROR;
				CLANG_WARN_UNREACHABLE_CODE = YES;
				CLANG_WARN__DUPLICATE_METHOD_MATCH = YES;
				"CODE_SIGN_IDENTITY[sdk=iphoneos*]" = "iPhone Developer";
				COPY_PHASE_STRIP = NO;
				DEBUG_INFORMATION_FORMAT = dwarf;
				ENABLE_STRICT_OBJC_MSGSEND = YES;
				ENABLE_TESTABILITY = YES;
				GCC_C_LANGUAGE_STANDARD = gnu99;
				GCC_DYNAMIC_NO_PIC = NO;
				GCC_NO_COMMON_BLOCKS = YES;
				GCC_OPTIMIZATION_LEVEL = 0;
				GCC_PREPROCESSOR_DEFINITIONS = (
					"DEBUG=1",
					"$(inherited)",
				);
				GCC_WARN_64_TO_32_BIT_CONVERSION = YES;
				GCC_WARN_ABOUT_RETURN_TYPE = YES_ERROR;
				GCC_WARN_UNDECLARED_SELECTOR = YES;
				GCC_WARN_UNINITIALIZED_AUTOS = YES_AGGRESSIVE;
				GCC_WARN_UNUSED_FUNCTION = YES;
				GCC_WARN_UNUSED_VARIABLE = YES;
				IPHONEOS_DEPLOYMENT_TARGET = 9.1;
				MTL_ENABLE_DEBUG_INFO = YES;
				ONLY_ACTIVE_ARCH = YES;
				SDKROOT = iphoneos;
				SWIFT_OPTIMIZATION_LEVEL = "-Onone";
			};
			name = Debug;
		};
		415515171BF58D5200D3F05A /* Release */ = {
			isa = XCBuildConfiguration;
			buildSettings = {
				ALWAYS_SEARCH_USER_PATHS = NO;
				CLANG_CXX_LANGUAGE_STANDARD = "gnu++0x";
				CLANG_CXX_LIBRARY = "libc++";
				CLANG_ENABLE_MODULES = YES;
				CLANG_ENABLE_OBJC_ARC = YES;
				CLANG_WARN_BOOL_CONVERSION = YES;
				CLANG_WARN_CONSTANT_CONVERSION = YES;
				CLANG_WARN_DIRECT_OBJC_ISA_USAGE = YES_ERROR;
				CLANG_WARN_EMPTY_BODY = YES;
				CLANG_WARN_ENUM_CONVERSION = YES;
				CLANG_WARN_INT_CONVERSION = YES;
				CLANG_WARN_OBJC_ROOT_CLASS = YES_ERROR;
				CLANG_WARN_UNREACHABLE_CODE = YES;
				CLANG_WARN__DUPLICATE_METHOD_MATCH = YES;
				"CODE_SIGN_IDENTITY[sdk=iphoneos*]" = "iPhone Developer";
				COPY_PHASE_STRIP = NO;
				DEBUG_INFORMATION_FORMAT = "dwarf-with-dsym";
				ENABLE_NS_ASSERTIONS = NO;
				ENABLE_STRICT_OBJC_MSGSEND = YES;
				GCC_C_LANGUAGE_STANDARD = gnu99;
				GCC_NO_COMMON_BLOCKS = YES;
				GCC_WARN_64_TO_32_BIT_CONVERSION = YES;
				GCC_WARN_ABOUT_RETURN_TYPE = YES_ERROR;
				GCC_WARN_UNDECLARED_SELECTOR = YES;
				GCC_WARN_UNINITIALIZED_AUTOS = YES_AGGRESSIVE;
				GCC_WARN_UNUSED_FUNCTION = YES;
				GCC_WARN_UNUSED_VARIABLE = YES;
				IPHONEOS_DEPLOYMENT_TARGET = 9.1;
				MTL_ENABLE_DEBUG_INFO = NO;
				SDKROOT = iphoneos;
				VALIDATE_PRODUCT = YES;
			};
			name = Release;
		};
		415515191BF58D5200D3F05A /* Debug */ = {
			isa = XCBuildConfiguration;
			buildSettings = {
				ASSETCATALOG_COMPILER_APPICON_NAME = AppIcon;
				INFOPLIST_FILE = "Protocols and Delegates/Info.plist";
				LD_RUNPATH_SEARCH_PATHS = "$(inherited) @executable_path/Frameworks";
				PRODUCT_BUNDLE_IDENTIFIER = "ibarra.nivardo.nayeli.lopez.Protocols-and-Delegates";
				PRODUCT_NAME = "$(TARGET_NAME)";
			};
			name = Debug;
		};
		4155151A1BF58D5200D3F05A /* Release */ = {
			isa = XCBuildConfiguration;
			buildSettings = {
				ASSETCATALOG_COMPILER_APPICON_NAME = AppIcon;
				INFOPLIST_FILE = "Protocols and Delegates/Info.plist";
				LD_RUNPATH_SEARCH_PATHS = "$(inherited) @executable_path/Frameworks";
				PRODUCT_BUNDLE_IDENTIFIER = "ibarra.nivardo.nayeli.lopez.Protocols-and-Delegates";
				PRODUCT_NAME = "$(TARGET_NAME)";
			};
			name = Release;
		};
/* End XCBuildConfiguration section */

/* Begin XCConfigurationList section */
		415515011BF58D5200D3F05A /* Build configuration list for PBXProject "Protocols and Delegates" */ = {
			isa = XCConfigurationList;
			buildConfigurations = (
				415515161BF58D5200D3F05A /* Debug */,
				415515171BF58D5200D3F05A /* Release */,
			);
			defaultConfigurationIsVisible = 0;
			defaultConfigurationName = Release;
		};
		415515181BF58D5200D3F05A /* Build configuration list for PBXNativeTarget "Protocols and Delegates" */ = {
			isa = XCConfigurationList;
			buildConfigurations = (
				415515191BF58D5200D3F05A /* Debug */,
				4155151A1BF58D5200D3F05A /* Release */,
			);
			defaultConfigurationIsVisible = 0;
		};
/* End XCConfigurationList section */
	};
	rootObject = 415514FE1BF58D5200D3F05A /* Project object */;
}
